
Microsoft Visual Studio Solution File, Format Version 12.00
# Visual Studio Version 16
VisualStudioVersion = 16.0.30711.63
MinimumVisualStudioVersion = 10.0.40219.1
Project("{FAE04EC0-301F-11D3-BF4B-00C04F79EFBC}") = "ZooEfConsole", "ZooEfConsole.csproj", "{31783E3B-0037-4016-9A1B-FDF509A892DE}"
EndProject
Global
	GlobalSection(SolutionConfigurationPlatforms) = preSolution
		Debug|Any CPU = Debug|Any CPU
		Release|Any CPU = Release|Any CPU
	EndGlobalSection
	GlobalSection(ProjectConfigurationPlatforms) = postSolution
		{31783E3B-0037-4016-9A1B-FDF509A892DE}.Debug|Any CPU.ActiveCfg = Debug|Any CPU
		{31783E3B-0037-4016-9A1B-FDF509A892DE}.Debug|Any CPU.Build.0 = Debug|Any CPU
		{31783E3B-0037-4016-9A1B-FDF509A892DE}.Release|Any CPU.ActiveCfg = Release|Any CPU
		{31783E3B-0037-4016-9A1B-FDF509A892DE}.Release|Any CPU.Build.0 = Release|Any CPU
	EndGlobalSection
	GlobalSection(SolutionProperties) = preSolution
		HideSolutionNode = FALSE
	EndGlobalSection
	GlobalSection(ExtensibilityGlobals) = postSolution
		SolutionGuid = {BB259127-EEE1-40A3-876C-529D728E781B}
	EndGlobalSection
EndGlobal
